
Microsoft Visual Studio Solution File, Format Version 12.00
# Visual Studio 15
VisualStudioVersion = 15.0.28307.1585
MinimumVisualStudioVersion = 10.0.40219.1
Project("{FAE04EC0-301F-11D3-BF4B-00C04F79EFBC}") = "Assignment10a", "Assignment10a\Assignment10a.csproj", "{97DA6303-BBD7-4D44-9797-D4AA439D3B68}"
EndProject
Global
	GlobalSection(SolutionConfigurationPlatforms) = preSolution
		Debug|Any CPU = Debug|Any CPU
		Release|Any CPU = Release|Any CPU
	EndGlobalSection
	GlobalSection(ProjectConfigurationPlatforms) = postSolution
		{97DA6303-BBD7-4D44-9797-D4AA439D3B68}.Debug|Any CPU.ActiveCfg = Debug|Any CPU
		{97DA6303-BBD7-4D44-9797-D4AA439D3B68}.Debug|Any CPU.Build.0 = Debug|Any CPU
		{97DA6303-BBD7-4D44-9797-D4AA439D3B68}.Release|Any CPU.ActiveCfg = Release|Any CPU
		{97DA6303-BBD7-4D44-9797-D4AA439D3B68}.Release|Any CPU.Build.0 = Release|Any CPU
	EndGlobalSection
	GlobalSection(SolutionProperties) = preSolution
		HideSolutionNode = FALSE
	EndGlobalSection
	GlobalSection(ExtensibilityGlobals) = postSolution
		SolutionGuid = {81B3B180-CBC5-4C5C-AF72-8FA482AF2568}
	EndGlobalSection
EndGlobal
