
Microsoft Visual Studio Solution File, Format Version 12.00
# Visual Studio 15
VisualStudioVersion = 15.0.28307.1585
MinimumVisualStudioVersion = 10.0.40219.1
Project("{FAE04EC0-301F-11D3-BF4B-00C04F79EFBC}") = "Assignment6", "Assignment6\Assignment6.csproj", "{17E6AD6D-5236-45B4-9D56-72CA91F65A0E}"
EndProject
Global
	GlobalSection(SolutionConfigurationPlatforms) = preSolution
		Debug|Any CPU = Debug|Any CPU
		Release|Any CPU = Release|Any CPU
	EndGlobalSection
	GlobalSection(ProjectConfigurationPlatforms) = postSolution
		{17E6AD6D-5236-45B4-9D56-72CA91F65A0E}.Debug|Any CPU.ActiveCfg = Debug|Any CPU
		{17E6AD6D-5236-45B4-9D56-72CA91F65A0E}.Debug|Any CPU.Build.0 = Debug|Any CPU
		{17E6AD6D-5236-45B4-9D56-72CA91F65A0E}.Release|Any CPU.ActiveCfg = Release|Any CPU
		{17E6AD6D-5236-45B4-9D56-72CA91F65A0E}.Release|Any CPU.Build.0 = Release|Any CPU
	EndGlobalSection
	GlobalSection(SolutionProperties) = preSolution
		HideSolutionNode = FALSE
	EndGlobalSection
	GlobalSection(ExtensibilityGlobals) = postSolution
		SolutionGuid = {5D04719E-F9E7-426D-BD25-968E5D837D28}
	EndGlobalSection
EndGlobal
